
Microsoft Visual Studio Solution File, Format Version 12.00
# Visual Studio Version 16
VisualStudioVersion = 16.0.34931.43
MinimumVisualStudioVersion = 10.0.40219.1
Project("{FAE04EC0-301F-11D3-BF4B-00C04F79EFBC}") = "KT1_HienVy", "KT1_HienVy\KT1_HienVy.csproj", "{ACD1CA59-B9BE-4375-AC7E-9EE54E609F92}"
EndProject
Global
	GlobalSection(SolutionConfigurationPlatforms) = preSolution
		Debug|Any CPU = Debug|Any CPU
		Release|Any CPU = Release|Any CPU
	EndGlobalSection
	GlobalSection(ProjectConfigurationPlatforms) = postSolution
		{ACD1CA59-B9BE-4375-AC7E-9EE54E609F92}.Debug|Any CPU.ActiveCfg = Debug|Any CPU
		{ACD1CA59-B9BE-4375-AC7E-9EE54E609F92}.Debug|Any CPU.Build.0 = Debug|Any CPU
		{ACD1CA59-B9BE-4375-AC7E-9EE54E609F92}.Release|Any CPU.ActiveCfg = Release|Any CPU
		{ACD1CA59-B9BE-4375-AC7E-9EE54E609F92}.Release|Any CPU.Build.0 = Release|Any CPU
	EndGlobalSection
	GlobalSection(SolutionProperties) = preSolution
		HideSolutionNode = FALSE
	EndGlobalSection
	GlobalSection(ExtensibilityGlobals) = postSolution
		SolutionGuid = {87CBD4CD-1BE5-4A92-99B4-1050C8F47174}
	EndGlobalSection
EndGlobal
